
Microsoft Visual Studio Solution File, Format Version 12.00
# Visual Studio Version 17
VisualStudioVersion = 17.0.32014.148
MinimumVisualStudioVersion = 10.0.40219.1
Project("{FAE04EC0-301F-11D3-BF4B-00C04F79EFBC}") = "ExpressionTree", "ExpressionTree\ExpressionTree.csproj", "{B1CF24DB-18B1-4484-8465-465D3B72DA37}"
EndProject
Global
	GlobalSection(SolutionConfigurationPlatforms) = preSolution
		Debug|Any CPU = Debug|Any CPU
		Release|Any CPU = Release|Any CPU
	EndGlobalSection
	GlobalSection(ProjectConfigurationPlatforms) = postSolution
		{B1CF24DB-18B1-4484-8465-465D3B72DA37}.Debug|Any CPU.ActiveCfg = Debug|Any CPU
		{B1CF24DB-18B1-4484-8465-465D3B72DA37}.Debug|Any CPU.Build.0 = Debug|Any CPU
		{B1CF24DB-18B1-4484-8465-465D3B72DA37}.Release|Any CPU.ActiveCfg = Release|Any CPU
		{B1CF24DB-18B1-4484-8465-465D3B72DA37}.Release|Any CPU.Build.0 = Release|Any CPU
	EndGlobalSection
	GlobalSection(SolutionProperties) = preSolution
		HideSolutionNode = FALSE
	EndGlobalSection
	GlobalSection(ExtensibilityGlobals) = postSolution
		SolutionGuid = {51F74117-A896-4143-9246-CA7B0A31B2B4}
	EndGlobalSection
EndGlobal
